
Microsoft Visual Studio Solution File, Format Version 12.00
# Visual Studio Version 17
VisualStudioVersion = 17.8.34330.188
MinimumVisualStudioVersion = 10.0.40219.1
Project("{FAE04EC0-301F-11D3-BF4B-00C04F79EFBC}") = "lab14(1)", "lab14(1)\lab14(1).csproj", "{649ED297-4378-4A0F-8110-7DB86737800A}"
EndProject
Global
	GlobalSection(SolutionConfigurationPlatforms) = preSolution
		Debug|Any CPU = Debug|Any CPU
		Release|Any CPU = Release|Any CPU
	EndGlobalSection
	GlobalSection(ProjectConfigurationPlatforms) = postSolution
		{649ED297-4378-4A0F-8110-7DB86737800A}.Debug|Any CPU.ActiveCfg = Debug|Any CPU
		{649ED297-4378-4A0F-8110-7DB86737800A}.Debug|Any CPU.Build.0 = Debug|Any CPU
		{649ED297-4378-4A0F-8110-7DB86737800A}.Release|Any CPU.ActiveCfg = Release|Any CPU
		{649ED297-4378-4A0F-8110-7DB86737800A}.Release|Any CPU.Build.0 = Release|Any CPU
	EndGlobalSection
	GlobalSection(SolutionProperties) = preSolution
		HideSolutionNode = FALSE
	EndGlobalSection
	GlobalSection(ExtensibilityGlobals) = postSolution
		SolutionGuid = {B4A16E5C-067F-4EA4-A6F1-F95C60E7FB48}
	EndGlobalSection
EndGlobal
